{
  "name": "karma-jasmine-utils",
  "version": "1.2.2",
  "lockfileVersion": 1,
  "requires": true,
  "dependencies": {
    "jasmine-core": {
      "version": "2.5.2",
      "resolved": "https://registry.npmjs.org/jasmine-core/-/jasmine-core-2.5.2.tgz",
      "integrity": "sha1-b2G9eQYeJ/Q+b5NV5Es8bKtv8pc="
    },
    "jasmine-utils": {
      "version": "0.6.1",
      "resolved": "https://registry.npmjs.org/jasmine-utils/-/jasmine-utils-0.6.1.tgz",
      "integrity": "sha512-L7P8nzmlgIsvMVn6YGvycMKe8PoYLOebb9RpAB2KyMGu0bnJIrTdQthC1WXHam9AwDt2/1uFgUCzi+RhGkWr+g=="
    }
  }
}
